
Microsoft Visual Studio Solution File, Format Version 12.00
# Visual Studio Version 16
VisualStudioVersion = 25.0.1705.4
MinimumVisualStudioVersion = 10.0.40219.1
Project("{FAE04EC0-301F-11D3-BF4B-00C04F79EFBC}") = "MyConsole", "MyConsole\MyConsole.csproj", "{18AA1EBB-49AF-4E0B-83DC-0D89EDF5C4A2}"
EndProject
Global
	GlobalSection(SolutionConfigurationPlatforms) = preSolution
		Debug|Any CPU = Debug|Any CPU
		Release|Any CPU = Release|Any CPU
	EndGlobalSection
	GlobalSection(ProjectConfigurationPlatforms) = postSolution
		{18AA1EBB-49AF-4E0B-83DC-0D89EDF5C4A2}.Debug|Any CPU.ActiveCfg = Debug|Any CPU
		{18AA1EBB-49AF-4E0B-83DC-0D89EDF5C4A2}.Debug|Any CPU.Build.0 = Debug|Any CPU
		{18AA1EBB-49AF-4E0B-83DC-0D89EDF5C4A2}.Release|Any CPU.ActiveCfg = Release|Any CPU
		{18AA1EBB-49AF-4E0B-83DC-0D89EDF5C4A2}.Release|Any CPU.Build.0 = Release|Any CPU
	EndGlobalSection
	GlobalSection(SolutionProperties) = preSolution
		HideSolutionNode = FALSE
	EndGlobalSection
	GlobalSection(ExtensibilityGlobals) = postSolution
		SolutionGuid = {F5835658-AE3D-4D87-80E4-7EFAF6AB6980}
	EndGlobalSection
EndGlobal
